// !$*UTF8*$!
{
	archiveVersion = 1;
	classes = {
	};
	objectVersion = 50;
	objects = {

/* Begin PBXBuildFile section */
		6419A3732664B6DE00DFC1D9 /* AlarmModel.swift in Sources */ = {isa = PBXBuildFile; fileRef = 6419A3722664B6DE00DFC1D9 /* AlarmModel.swift */; };
		647759D82653B0B800572041 /* AlarmRepeatVC.swift in Sources */ = {isa = PBXBuildFile; fileRef = 647759D72653B0B800572041 /* AlarmRepeatVC.swift */; };
		647E759126525FCF009190E6 /* AppDelegate.swift in Sources */ = {isa = PBXBuildFile; fileRef = 647E759026525FCF009190E6 /* AppDelegate.swift */; };
		647E759326525FCF009190E6 /* SceneDelegate.swift in Sources */ = {isa = PBXBuildFile; fileRef = 647E759226525FCF009190E6 /* SceneDelegate.swift */; };
		647E759526525FCF009190E6 /* ViewController.swift in Sources */ = {isa = PBXBuildFile; fileRef = 647E759426525FCF009190E6 /* ViewController.swift */; };
		647E759826525FCF009190E6 /* Main.storyboard in Resources */ = {isa = PBXBuildFile; fileRef = 647E759626525FCF009190E6 /* Main.storyboard */; };
		647E759A26525FD0009190E6 /* Assets.xcassets in Resources */ = {isa = PBXBuildFile; fileRef = 647E759926525FD0009190E6 /* Assets.xcassets */; };
		647E759D26525FD0009190E6 /* LaunchScreen.storyboard in Resources */ = {isa = PBXBuildFile; fileRef = 647E759B26525FD0009190E6 /* LaunchScreen.storyboard */; };
		64B766E026623A44006FF544 /* AlarmAddLabelVC.swift in Sources */ = {isa = PBXBuildFile; fileRef = 64B766DF26623A44006FF544 /* AlarmAddLabelVC.swift */; };
		64B766E426623AA1006FF544 /* AlarmAddVC.swift in Sources */ = {isa = PBXBuildFile; fileRef = 64B766E326623AA1006FF544 /* AlarmAddVC.swift */; };
		64B766EE2662448B006FF544 /* AlarmVC.swift in Sources */ = {isa = PBXBuildFile; fileRef = 64B766ED2662448B006FF544 /* AlarmVC.swift */; };
		64B766F1266244AD006FF544 /* item.swift in Sources */ = {isa = PBXBuildFile; fileRef = 64B766F0266244AD006FF544 /* item.swift */; };
/* End PBXBuildFile section */

/* Begin PBXFileReference section */
		6419A3722664B6DE00DFC1D9 /* AlarmModel.swift */ = {isa = PBXFileReference; lastKnownFileType = sourcecode.swift; path = AlarmModel.swift; sourceTree = "<group>"; };
		647759D72653B0B800572041 /* AlarmRepeatVC.swift */ = {isa = PBXFileReference; lastKnownFileType = sourcecode.swift; path = AlarmRepeatVC.swift; sourceTree = "<group>"; };
		647E758D26525FCF009190E6 /* clockAPP.app */ = {isa = PBXFileReference; explicitFileType = wrapper.application; includeInIndex = 0; path = clockAPP.app; sourceTree = BUILT_PRODUCTS_DIR; };
		647E759026525FCF009190E6 /* AppDelegate.swift */ = {isa = PBXFileReference; lastKnownFileType = sourcecode.swift; path = AppDelegate.swift; sourceTree = "<group>"; };
		647E759226525FCF009190E6 /* SceneDelegate.swift */ = {isa = PBXFileReference; lastKnownFileType = sourcecode.swift; path = SceneDelegate.swift; sourceTree = "<group>"; };
		647E759426525FCF009190E6 /* ViewController.swift */ = {isa = PBXFileReference; lastKnownFileType = sourcecode.swift; path = ViewController.swift; sourceTree = "<group>"; };
		647E759726525FCF009190E6 /* Base */ = {isa = PBXFileReference; lastKnownFileType = file.storyboard; name = Base; path = Base.lproj/Main.storyboard; sourceTree = "<group>"; };
		647E759926525FD0009190E6 /* Assets.xcassets */ = {isa = PBXFileReference; lastKnownFileType = folder.assetcatalog; path = Assets.xcassets; sourceTree = "<group>"; };
		647E759C26525FD0009190E6 /* Base */ = {isa = PBXFileReference; lastKnownFileType = file.storyboard; name = Base; path = Base.lproj/LaunchScreen.storyboard; sourceTree = "<group>"; };
		647E759E26525FD0009190E6 /* Info.plist */ = {isa = PBXFileReference; lastKnownFileType = text.plist.xml; path = Info.plist; sourceTree = "<group>"; };
		64B766DF26623A44006FF544 /* AlarmAddLabelVC.swift */ = {isa = PBXFileReference; lastKnownFileType = sourcecode.swift; path = AlarmAddLabelVC.swift; sourceTree = "<group>"; };
		64B766E326623AA1006FF544 /* AlarmAddVC.swift */ = {isa = PBXFileReference; lastKnownFileType = sourcecode.swift; path = AlarmAddVC.swift; sourceTree = "<group>"; };
		64B766ED2662448B006FF544 /* AlarmVC.swift */ = {isa = PBXFileReference; lastKnownFileType = sourcecode.swift; path = AlarmVC.swift; sourceTree = "<group>"; };
		64B766F0266244AD006FF544 /* item.swift */ = {isa = PBXFileReference; lastKnownFileType = sourcecode.swift; path = item.swift; sourceTree = "<group>"; };
/* End PBXFileReference section */

/* Begin PBXFrameworksBuildPhase section */
		647E758A26525FCF009190E6 /* Frameworks */ = {
			isa = PBXFrameworksBuildPhase;
			buildActionMask = 2147483647;
			files = (
			);
			runOnlyForDeploymentPostprocessing = 0;
		};
/* End PBXFrameworksBuildPhase section */

/* Begin PBXGroup section */
		6419A3752664BD4F00DFC1D9 /* Model */ = {
			isa = PBXGroup;
			children = (
				64B766F0266244AD006FF544 /* item.swift */,
				6419A3722664B6DE00DFC1D9 /* AlarmModel.swift */,
			);
			path = Model;
			sourceTree = "<group>";
		};
		647E758426525FCF009190E6 = {
			isa = PBXGroup;
			children = (
				647E758F26525FCF009190E6 /* clockAPP */,
				647E758E26525FCF009190E6 /* Products */,
			);
			sourceTree = "<group>";
		};
		647E758E26525FCF009190E6 /* Products */ = {
			isa = PBXGroup;
			children = (
				647E758D26525FCF009190E6 /* clockAPP.app */,
			);
			name = Products;
			sourceTree = "<group>";
		};
		647E758F26525FCF009190E6 /* clockAPP */ = {
			isa = PBXGroup;
			children = (
				647E759626525FCF009190E6 /* Main.storyboard */,
				647E75A526526329009190E6 /* Alarm */,
				647E759026525FCF009190E6 /* AppDelegate.swift */,
				647E759226525FCF009190E6 /* SceneDelegate.swift */,
				647E759426525FCF009190E6 /* ViewController.swift */,
				647E759926525FD0009190E6 /* Assets.xcassets */,
				647E759B26525FD0009190E6 /* LaunchScreen.storyboard */,
				647E759E26525FD0009190E6 /* Info.plist */,
			);
			path = clockAPP;
			sourceTree = "<group>";
		};
		647E75A526526329009190E6 /* Alarm */ = {
			isa = PBXGroup;
			children = (
				64B766ED2662448B006FF544 /* AlarmVC.swift */,
				64B766E326623AA1006FF544 /* AlarmAddVC.swift */,
				647759D72653B0B800572041 /* AlarmRepeatVC.swift */,
				64B766DF26623A44006FF544 /* AlarmAddLabelVC.swift */,
				6419A3752664BD4F00DFC1D9 /* Model */,
			);
			path = Alarm;
			sourceTree = "<group>";
		};
/* End PBXGroup section */

/* Begin PBXNativeTarget section */
		647E758C26525FCF009190E6 /* clockAPP */ = {
			isa = PBXNativeTarget;
			buildConfigurationList = 647E75A126525FD0009190E6 /* Build configuration list for PBXNativeTarget "clockAPP" */;
			buildPhases = (
				647E758926525FCF009190E6 /* Sources */,
				647E758A26525FCF009190E6 /* Frameworks */,
				647E758B26525FCF009190E6 /* Resources */,
			);
			buildRules = (
			);
			dependencies = (
			);
			name = clockAPP;
			productName = clockAPP;
			productReference = 647E758D26525FCF009190E6 /* clockAPP.app */;
			productType = "com.apple.product-type.application";
		};
/* End PBXNativeTarget section */

/* Begin PBXProject section */
		647E758526525FCF009190E6 /* Project object */ = {
			isa = PBXProject;
			attributes = {
				LastSwiftUpdateCheck = 1240;
				LastUpgradeCheck = 1240;
				TargetAttributes = {
					647E758C26525FCF009190E6 = {
						CreatedOnToolsVersion = 12.4;
					};
				};
			};
			buildConfigurationList = 647E758826525FCF009190E6 /* Build configuration list for PBXProject "clockAPP" */;
			compatibilityVersion = "Xcode 9.3";
			developmentRegion = en;
			hasScannedForEncodings = 0;
			knownRegions = (
				en,
				Base,
			);
			mainGroup = 647E758426525FCF009190E6;
			productRefGroup = 647E758E26525FCF009190E6 /* Products */;
			projectDirPath = "";
			projectRoot = "";
			targets = (
				647E758C26525FCF009190E6 /* clockAPP */,
			);
		};
/* End PBXProject section */

/* Begin PBXResourcesBuildPhase section */
		647E758B26525FCF009190E6 /* Resources */ = {
			isa = PBXResourcesBuildPhase;
			buildActionMask = 2147483647;
			files = (
				647E759D26525FD0009190E6 /* LaunchScreen.storyboard in Resources */,
				647E759A26525FD0009190E6 /* Assets.xcassets in Resources */,
				647E759826525FCF009190E6 /* Main.storyboard in Resources */,
			);
			runOnlyForDeploymentPostprocessing = 0;
		};
/* End PBXResourcesBuildPhase section */

/* Begin PBXSourcesBuildPhase section */
		647E758926525FCF009190E6 /* Sources */ = {
			isa = PBXSourcesBuildPhase;
			buildActionMask = 2147483647;
			files = (
				64B766E026623A44006FF544 /* AlarmAddLabelVC.swift in Sources */,
				64B766EE2662448B006FF544 /* AlarmVC.swift in Sources */,
				64B766F1266244AD006FF544 /* item.swift in Sources */,
				647759D82653B0B800572041 /* AlarmRepeatVC.swift in Sources */,
				64B766E426623AA1006FF544 /* AlarmAddVC.swift in Sources */,
				647E759526525FCF009190E6 /* ViewController.swift in Sources */,
				647E759126525FCF009190E6 /* AppDelegate.swift in Sources */,
				647E759326525FCF009190E6 /* SceneDelegate.swift in Sources */,
				6419A3732664B6DE00DFC1D9 /* AlarmModel.swift in Sources */,
			);
			runOnlyForDeploymentPostprocessing = 0;
		};
/* End PBXSourcesBuildPhase section */

/* Begin PBXVariantGroup section */
		647E759626525FCF009190E6 /* Main.storyboard */ = {
			isa = PBXVariantGroup;
			children = (
				647E759726525FCF009190E6 /* Base */,
			);
			name = Main.storyboard;
			sourceTree = "<group>";
		};
		647E759B26525FD0009190E6 /* LaunchScreen.storyboard */ = {
			isa = PBXVariantGroup;
			children = (
				647E759C26525FD0009190E6 /* Base */,
			);
			name = LaunchScreen.storyboard;
			sourceTree = "<group>";
		};
/* End PBXVariantGroup section */

/* Begin XCBuildConfiguration section */
		647E759F26525FD0009190E6 /* Debug */ = {
			isa = XCBuildConfiguration;
			buildSettings = {
				ALWAYS_SEARCH_USER_PATHS = NO;
				CLANG_ANALYZER_NONNULL = YES;
				CLANG_ANALYZER_NUMBER_OBJECT_CONVERSION = YES_AGGRESSIVE;
				CLANG_CXX_LANGUAGE_STANDARD = "gnu++14";
				CLANG_CXX_LIBRARY = "libc++";
				CLANG_ENABLE_MODULES = YES;
				CLANG_ENABLE_OBJC_ARC = YES;
				CLANG_ENABLE_OBJC_WEAK = YES;
				CLANG_WARN_BLOCK_CAPTURE_AUTORELEASING = YES;
				CLANG_WARN_BOOL_CONVERSION = YES;
				CLANG_WARN_COMMA = YES;
				CLANG_WARN_CONSTANT_CONVERSION = YES;
				CLANG_WARN_DEPRECATED_OBJC_IMPLEMENTATIONS = YES;
				CLANG_WARN_DIRECT_OBJC_ISA_USAGE = YES_ERROR;
				CLANG_WARN_DOCUMENTATION_COMMENTS = YES;
				CLANG_WARN_EMPTY_BODY = YES;
				CLANG_WARN_ENUM_CONVERSION = YES;
				CLANG_WARN_INFINITE_RECURSION = YES;
				CLANG_WARN_INT_CONVERSION = YES;
				CLANG_WARN_NON_LITERAL_NULL_CONVERSION = YES;
				CLANG_WARN_OBJC_IMPLICIT_RETAIN_SELF = YES;
				CLANG_WARN_OBJC_LITERAL_CONVERSION = YES;
				CLANG_WARN_OBJC_ROOT_CLASS = YES_ERROR;
				CLANG_WARN_QUOTED_INCLUDE_IN_FRAMEWORK_HEADER = YES;
				CLANG_WARN_RANGE_LOOP_ANALYSIS = YES;
				CLANG_WARN_STRICT_PROTOTYPES = YES;
				CLANG_WARN_SUSPICIOUS_MOVE = YES;
				CLANG_WARN_UNGUARDED_AVAILABILITY = YES_AGGRESSIVE;
				CLANG_WARN_UNREACHABLE_CODE = YES;
				CLANG_WARN__DUPLICATE_METHOD_MATCH = YES;
				COPY_PHASE_STRIP = NO;
				DEBUG_INFORMATION_FORMAT = dwarf;
				ENABLE_STRICT_OBJC_MSGSEND = YES;
				ENABLE_TESTABILITY = YES;
				GCC_C_LANGUAGE_STANDARD = gnu11;
				GCC_DYNAMIC_NO_PIC = NO;
				GCC_NO_COMMON_BLOCKS = YES;
				GCC_OPTIMIZATION_LEVEL = 0;
				GCC_PREPROCESSOR_DEFINITIONS = (
					"DEBUG=1",
					"$(inherited)",
				);
				GCC_WARN_64_TO_32_BIT_CONVERSION = YES;
				GCC_WARN_ABOUT_RETURN_TYPE = YES_ERROR;
				GCC_WARN_UNDECLARED_SELECTOR = YES;
				GCC_WARN_UNINITIALIZED_AUTOS = YES_AGGRESSIVE;
				GCC_WARN_UNUSED_FUNCTION = YES;
				GCC_WARN_UNUSED_VARIABLE = YES;
				IPHONEOS_DEPLOYMENT_TARGET = 14.4;
				MTL_ENABLE_DEBUG_INFO = INCLUDE_SOURCE;
				MTL_FAST_MATH = YES;
				ONLY_ACTIVE_ARCH = YES;
				SDKROOT = iphoneos;
				SWIFT_ACTIVE_COMPILATION_CONDITIONS = DEBUG;
				SWIFT_OPTIMIZATION_LEVEL = "-Onone";
			};
			name = Debug;
		};
		647E75A026525FD0009190E6 /* Release */ = {
			isa = XCBuildConfiguration;
			buildSettings = {
				ALWAYS_SEARCH_USER_PATHS = NO;
				CLANG_ANALYZER_NONNULL = YES;
				CLANG_ANALYZER_NUMBER_OBJECT_CONVERSION = YES_AGGRESSIVE;
				CLANG_CXX_LANGUAGE_STANDARD = "gnu++14";
				CLANG_CXX_LIBRARY = "libc++";
				CLANG_ENABLE_MODULES = YES;
				CLANG_ENABLE_OBJC_ARC = YES;
				CLANG_ENABLE_OBJC_WEAK = YES;
				CLANG_WARN_BLOCK_CAPTURE_AUTORELEASING = YES;
				CLANG_WARN_BOOL_CONVERSION = YES;
				CLANG_WARN_COMMA = YES;
				CLANG_WARN_CONSTANT_CONVERSION = YES;
				CLANG_WARN_DEPRECATED_OBJC_IMPLEMENTATIONS = YES;
				CLANG_WARN_DIRECT_OBJC_ISA_USAGE = YES_ERROR;
				CLANG_WARN_DOCUMENTATION_COMMENTS = YES;
				CLANG_WARN_EMPTY_BODY = YES;
				CLANG_WARN_ENUM_CONVERSION = YES;
				CLANG_WARN_INFINITE_RECURSION = YES;
				CLANG_WARN_INT_CONVERSION = YES;
				CLANG_WARN_NON_LITERAL_NULL_CONVERSION = YES;
				CLANG_WARN_OBJC_IMPLICIT_RETAIN_SELF = YES;
				CLANG_WARN_OBJC_LITERAL_CONVERSION = YES;
				CLANG_WARN_OBJC_ROOT_CLASS = YES_ERROR;
				CLANG_WARN_QUOTED_INCLUDE_IN_FRAMEWORK_HEADER = YES;
				CLANG_WARN_RANGE_LOOP_ANALYSIS = YES;
				CLANG_WARN_STRICT_PROTOTYPES = YES;
				CLANG_WARN_SUSPICIOUS_MOVE = YES;
				CLANG_WARN_UNGUARDED_AVAILABILITY = YES_AGGRESSIVE;
				CLANG_WARN_UNREACHABLE_CODE = YES;
				CLANG_WARN__DUPLICATE_METHOD_MATCH = YES;
				COPY_PHASE_STRIP = NO;
				DEBUG_INFORMATION_FORMAT = "dwarf-with-dsym";
				ENABLE_NS_ASSERTIONS = NO;
				ENABLE_STRICT_OBJC_MSGSEND = YES;
				GCC_C_LANGUAGE_STANDARD = gnu11;
				GCC_NO_COMMON_BLOCKS = YES;
				GCC_WARN_64_TO_32_BIT_CONVERSION = YES;
				GCC_WARN_ABOUT_RETURN_TYPE = YES_ERROR;
				GCC_WARN_UNDECLARED_SELECTOR = YES;
				GCC_WARN_UNINITIALIZED_AUTOS = YES_AGGRESSIVE;
				GCC_WARN_UNUSED_FUNCTION = YES;
				GCC_WARN_UNUSED_VARIABLE = YES;
				IPHONEOS_DEPLOYMENT_TARGET = 14.4;
				MTL_ENABLE_DEBUG_INFO = NO;
				MTL_FAST_MATH = YES;
				SDKROOT = iphoneos;
				SWIFT_COMPILATION_MODE = wholemodule;
				SWIFT_OPTIMIZATION_LEVEL = "-O";
				VALIDATE_PRODUCT = YES;
			};
			name = Release;
		};
		647E75A226525FD0009190E6 /* Debug */ = {
			isa = XCBuildConfiguration;
			buildSettings = {
				ASSETCATALOG_COMPILER_APPICON_NAME = AppIcon;
				ASSETCATALOG_COMPILER_GLOBAL_ACCENT_COLOR_NAME = AccentColor;
				CODE_SIGN_STYLE = Automatic;
				DEVELOPMENT_TEAM = RFUSSVWFC6;
				INFOPLIST_FILE = clockAPP/Info.plist;
				LD_RUNPATH_SEARCH_PATHS = (
					"$(inherited)",
					"@executable_path/Frameworks",
				);
				PRODUCT_BUNDLE_IDENTIFIER = com.Leoluo.clockAPP;
				PRODUCT_NAME = "$(TARGET_NAME)";
				SWIFT_VERSION = 5.0;
				TARGETED_DEVICE_FAMILY = "1,2";
			};
			name = Debug;
		};
		647E75A326525FD0009190E6 /* Release */ = {
			isa = XCBuildConfiguration;
			buildSettings = {
				ASSETCATALOG_COMPILER_APPICON_NAME = AppIcon;
				ASSETCATALOG_COMPILER_GLOBAL_ACCENT_COLOR_NAME = AccentColor;
				CODE_SIGN_STYLE = Automatic;
				DEVELOPMENT_TEAM = RFUSSVWFC6;
				INFOPLIST_FILE = clockAPP/Info.plist;
				LD_RUNPATH_SEARCH_PATHS = (
					"$(inherited)",
					"@executable_path/Frameworks",
				);
				PRODUCT_BUNDLE_IDENTIFIER = com.Leoluo.clockAPP;
				PRODUCT_NAME = "$(TARGET_NAME)";
				SWIFT_VERSION = 5.0;
				TARGETED_DEVICE_FAMILY = "1,2";
			};
			name = Release;
		};
/* End XCBuildConfiguration section */

/* Begin XCConfigurationList section */
		647E758826525FCF009190E6 /* Build configuration list for PBXProject "clockAPP" */ = {
			isa = XCConfigurationList;
			buildConfigurations = (
				647E759F26525FD0009190E6 /* Debug */,
				647E75A026525FD0009190E6 /* Release */,
			);
			defaultConfigurationIsVisible = 0;
			defaultConfigurationName = Release;
		};
		647E75A126525FD0009190E6 /* Build configuration list for PBXNativeTarget "clockAPP" */ = {
			isa = XCConfigurationList;
			buildConfigurations = (
				647E75A226525FD0009190E6 /* Debug */,
				647E75A326525FD0009190E6 /* Release */,
			);
			defaultConfigurationIsVisible = 0;
			defaultConfigurationName = Release;
		};
/* End XCConfigurationList section */
	};
	rootObject = 647E758526525FCF009190E6 /* Project object */;
}
